
Microsoft Visual Studio Solution File, Format Version 12.00
# Visual Studio Version 16
VisualStudioVersion = 16.0.31613.86
MinimumVisualStudioVersion = 10.0.40219.1
Project("{FAE04EC0-301F-11D3-BF4B-00C04F79EFBC}") = "Solutions", "Solutions\Solutions.csproj", "{6C37D14F-D76C-4DBA-B416-1E198B00F6DD}"
EndProject
Project("{FAE04EC0-301F-11D3-BF4B-00C04F79EFBC}") = "WebResources", "WebResources\WebResources.csproj", "{A2B58CB7-7D6B-43CF-86D2-A4E10013A37C}"
EndProject
Global
	GlobalSection(SolutionConfigurationPlatforms) = preSolution
		Debug|Any CPU = Debug|Any CPU
		Release|Any CPU = Release|Any CPU
	EndGlobalSection
	GlobalSection(ProjectConfigurationPlatforms) = postSolution
		{6C37D14F-D76C-4DBA-B416-1E198B00F6DD}.Debug|Any CPU.ActiveCfg = Debug|Any CPU
		{6C37D14F-D76C-4DBA-B416-1E198B00F6DD}.Debug|Any CPU.Build.0 = Debug|Any CPU
		{6C37D14F-D76C-4DBA-B416-1E198B00F6DD}.Release|Any CPU.ActiveCfg = Release|Any CPU
		{6C37D14F-D76C-4DBA-B416-1E198B00F6DD}.Release|Any CPU.Build.0 = Release|Any CPU
		{A2B58CB7-7D6B-43CF-86D2-A4E10013A37C}.Debug|Any CPU.ActiveCfg = Debug|Any CPU
		{A2B58CB7-7D6B-43CF-86D2-A4E10013A37C}.Debug|Any CPU.Build.0 = Debug|Any CPU
		{A2B58CB7-7D6B-43CF-86D2-A4E10013A37C}.Release|Any CPU.ActiveCfg = Release|Any CPU
		{A2B58CB7-7D6B-43CF-86D2-A4E10013A37C}.Release|Any CPU.Build.0 = Release|Any CPU
	EndGlobalSection
	GlobalSection(SolutionProperties) = preSolution
		HideSolutionNode = FALSE
	EndGlobalSection
	GlobalSection(ExtensibilityGlobals) = postSolution
		SolutionGuid = {9D17FF93-E032-4D5D-8C21-3A5A92259DBA}
	EndGlobalSection
EndGlobal
